
Microsoft Visual Studio Solution File, Format Version 12.00
# Visual Studio Version 17
VisualStudioVersion = 17.4.33213.308
MinimumVisualStudioVersion = 10.0.40219.1
Project("{FAE04EC0-301F-11D3-BF4B-00C04F79EFBC}") = "ChessBot", "ChessBot.csproj", "{6F0A780F-2FC7-477F-AAE9-1C11C54D70BE}"
EndProject
Global
	GlobalSection(SolutionConfigurationPlatforms) = preSolution
		Debug|Any CPU = Debug|Any CPU
		Release|Any CPU = Release|Any CPU
	EndGlobalSection
	GlobalSection(ProjectConfigurationPlatforms) = postSolution
		{6F0A780F-2FC7-477F-AAE9-1C11C54D70BE}.Debug|Any CPU.ActiveCfg = Debug|Any CPU
		{6F0A780F-2FC7-477F-AAE9-1C11C54D70BE}.Debug|Any CPU.Build.0 = Debug|Any CPU
		{6F0A780F-2FC7-477F-AAE9-1C11C54D70BE}.Release|Any CPU.ActiveCfg = Release|Any CPU
		{6F0A780F-2FC7-477F-AAE9-1C11C54D70BE}.Release|Any CPU.Build.0 = Release|Any CPU
	EndGlobalSection
	GlobalSection(SolutionProperties) = preSolution
		HideSolutionNode = FALSE
	EndGlobalSection
	GlobalSection(ExtensibilityGlobals) = postSolution
		SolutionGuid = {66B0FC21-567F-43E8-A19F-715A2CBDF18B}
	EndGlobalSection
EndGlobal
